
Microsoft Visual Studio Solution File, Format Version 12.00
Project("{FAE04EC0-301F-11D3-BF4B-00C04F79EFBC}") = "Abstraction", "Abstraction\Abstraction.csproj", "{C01B1F7B-34F7-4284-A613-514E3FAF62BF}"
EndProject
Global
	GlobalSection(SolutionConfigurationPlatforms) = preSolution
		Debug|Any CPU = Debug|Any CPU
		Release|Any CPU = Release|Any CPU
	EndGlobalSection
	GlobalSection(ProjectConfigurationPlatforms) = postSolution
		{C01B1F7B-34F7-4284-A613-514E3FAF62BF}.Debug|Any CPU.ActiveCfg = Debug|Any CPU
		{C01B1F7B-34F7-4284-A613-514E3FAF62BF}.Debug|Any CPU.Build.0 = Debug|Any CPU
		{C01B1F7B-34F7-4284-A613-514E3FAF62BF}.Release|Any CPU.ActiveCfg = Release|Any CPU
		{C01B1F7B-34F7-4284-A613-514E3FAF62BF}.Release|Any CPU.Build.0 = Release|Any CPU
	EndGlobalSection
EndGlobal
