
Microsoft Visual Studio Solution File, Format Version 12.00
Project("{FAE04EC0-301F-11D3-BF4B-00C04F79EFBC}") = "Liskov_Substitution_Principle", "Liskov_Substitution_Principle\Liskov_Substitution_Principle.csproj", "{2D1B2A64-344A-4600-9570-B5FD08684899}"
EndProject
Global
	GlobalSection(SolutionConfigurationPlatforms) = preSolution
		Debug|Any CPU = Debug|Any CPU
		Release|Any CPU = Release|Any CPU
	EndGlobalSection
	GlobalSection(ProjectConfigurationPlatforms) = postSolution
		{2D1B2A64-344A-4600-9570-B5FD08684899}.Debug|Any CPU.ActiveCfg = Debug|Any CPU
		{2D1B2A64-344A-4600-9570-B5FD08684899}.Debug|Any CPU.Build.0 = Debug|Any CPU
		{2D1B2A64-344A-4600-9570-B5FD08684899}.Release|Any CPU.ActiveCfg = Release|Any CPU
		{2D1B2A64-344A-4600-9570-B5FD08684899}.Release|Any CPU.Build.0 = Release|Any CPU
	EndGlobalSection
EndGlobal
