
Microsoft Visual Studio Solution File, Format Version 12.00
Project("{FAE04EC0-301F-11D3-BF4B-00C04F79EFBC}") = "CSOOP_Basics", "CSOOP_Basics\CSOOP_Basics.csproj", "{7EB1A6B9-8AA3-42D4-9F23-16267DFF0D87}"
EndProject
Global
	GlobalSection(SolutionConfigurationPlatforms) = preSolution
		Debug|Any CPU = Debug|Any CPU
		Release|Any CPU = Release|Any CPU
	EndGlobalSection
	GlobalSection(ProjectConfigurationPlatforms) = postSolution
		{7EB1A6B9-8AA3-42D4-9F23-16267DFF0D87}.Debug|Any CPU.ActiveCfg = Debug|Any CPU
		{7EB1A6B9-8AA3-42D4-9F23-16267DFF0D87}.Debug|Any CPU.Build.0 = Debug|Any CPU
		{7EB1A6B9-8AA3-42D4-9F23-16267DFF0D87}.Release|Any CPU.ActiveCfg = Release|Any CPU
		{7EB1A6B9-8AA3-42D4-9F23-16267DFF0D87}.Release|Any CPU.Build.0 = Release|Any CPU
	EndGlobalSection
EndGlobal
