
Microsoft Visual Studio Solution File, Format Version 12.00
Project("{FAE04EC0-301F-11D3-BF4B-00C04F79EFBC}") = "prac", "prac\prac.csproj", "{7B2A5114-C285-4D43-85F1-D4B29FB9F416}"
EndProject
Global
	GlobalSection(SolutionConfigurationPlatforms) = preSolution
		Debug|Any CPU = Debug|Any CPU
		Release|Any CPU = Release|Any CPU
	EndGlobalSection
	GlobalSection(ProjectConfigurationPlatforms) = postSolution
		{7B2A5114-C285-4D43-85F1-D4B29FB9F416}.Debug|Any CPU.ActiveCfg = Debug|Any CPU
		{7B2A5114-C285-4D43-85F1-D4B29FB9F416}.Debug|Any CPU.Build.0 = Debug|Any CPU
		{7B2A5114-C285-4D43-85F1-D4B29FB9F416}.Release|Any CPU.ActiveCfg = Release|Any CPU
		{7B2A5114-C285-4D43-85F1-D4B29FB9F416}.Release|Any CPU.Build.0 = Release|Any CPU
	EndGlobalSection
EndGlobal
